
Microsoft Visual Studio Solution File, Format Version 12.00
# Visual Studio Version 17
VisualStudioVersion = 17.1.32228.430
MinimumVisualStudioVersion = 10.0.40219.1
Project("{FAE04EC0-301F-11D3-BF4B-00C04F79EFBC}") = "MvcMovie", "MvcMovie.csproj", "{3ED26C40-DA8D-4A00-BDB4-8A7BA1EEC92A}"
EndProject
Global
	GlobalSection(SolutionConfigurationPlatforms) = preSolution
		Debug|Any CPU = Debug|Any CPU
		Release|Any CPU = Release|Any CPU
	EndGlobalSection
	GlobalSection(ProjectConfigurationPlatforms) = postSolution
		{3ED26C40-DA8D-4A00-BDB4-8A7BA1EEC92A}.Debug|Any CPU.ActiveCfg = Debug|Any CPU
		{3ED26C40-DA8D-4A00-BDB4-8A7BA1EEC92A}.Debug|Any CPU.Build.0 = Debug|Any CPU
		{3ED26C40-DA8D-4A00-BDB4-8A7BA1EEC92A}.Release|Any CPU.ActiveCfg = Release|Any CPU
		{3ED26C40-DA8D-4A00-BDB4-8A7BA1EEC92A}.Release|Any CPU.Build.0 = Release|Any CPU
	EndGlobalSection
	GlobalSection(SolutionProperties) = preSolution
		HideSolutionNode = FALSE
	EndGlobalSection
	GlobalSection(ExtensibilityGlobals) = postSolution
		SolutionGuid = {90236A78-76EB-4DAC-81C4-D480074D8B0C}
	EndGlobalSection
EndGlobal
